
Microsoft Visual Studio Solution File, Format Version 12.00
# Visual Studio Version 16
VisualStudioVersion = 16.0.31105.61
MinimumVisualStudioVersion = 10.0.40219.1
Project("{9A19103F-16F7-4668-BE54-9A1E7A4F7556}") = "Domain", "Domain\Domain.csproj", "{C763652A-54C6-4131-9E77-E46DDF9A1A84}"
EndProject
Project("{9A19103F-16F7-4668-BE54-9A1E7A4F7556}") = "Data", "Data\Data.csproj", "{D7E5D01A-992B-48CF-A372-2D912211E6F9}"
EndProject
Project("{9A19103F-16F7-4668-BE54-9A1E7A4F7556}") = "Api", "Api\Api.csproj", "{2F97D9BA-5F9A-4879-900A-5719433B7801}"
EndProject
Project("{FAE04EC0-301F-11D3-BF4B-00C04F79EFBC}") = "IEntities", "IEntity\IEntities.csproj", "{74EA7633-E0AD-4E2D-86E4-E459CA57CC5B}"
EndProject
Global
	GlobalSection(SolutionConfigurationPlatforms) = preSolution
		Debug|Any CPU = Debug|Any CPU
		Release|Any CPU = Release|Any CPU
	EndGlobalSection
	GlobalSection(ProjectConfigurationPlatforms) = postSolution
		{C763652A-54C6-4131-9E77-E46DDF9A1A84}.Debug|Any CPU.ActiveCfg = Debug|Any CPU
		{C763652A-54C6-4131-9E77-E46DDF9A1A84}.Debug|Any CPU.Build.0 = Debug|Any CPU
		{C763652A-54C6-4131-9E77-E46DDF9A1A84}.Release|Any CPU.ActiveCfg = Release|Any CPU
		{C763652A-54C6-4131-9E77-E46DDF9A1A84}.Release|Any CPU.Build.0 = Release|Any CPU
		{D7E5D01A-992B-48CF-A372-2D912211E6F9}.Debug|Any CPU.ActiveCfg = Debug|Any CPU
		{D7E5D01A-992B-48CF-A372-2D912211E6F9}.Debug|Any CPU.Build.0 = Debug|Any CPU
		{D7E5D01A-992B-48CF-A372-2D912211E6F9}.Release|Any CPU.ActiveCfg = Release|Any CPU
		{D7E5D01A-992B-48CF-A372-2D912211E6F9}.Release|Any CPU.Build.0 = Release|Any CPU
		{2F97D9BA-5F9A-4879-900A-5719433B7801}.Debug|Any CPU.ActiveCfg = Debug|Any CPU
		{2F97D9BA-5F9A-4879-900A-5719433B7801}.Debug|Any CPU.Build.0 = Debug|Any CPU
		{2F97D9BA-5F9A-4879-900A-5719433B7801}.Release|Any CPU.ActiveCfg = Release|Any CPU
		{2F97D9BA-5F9A-4879-900A-5719433B7801}.Release|Any CPU.Build.0 = Release|Any CPU
		{74EA7633-E0AD-4E2D-86E4-E459CA57CC5B}.Debug|Any CPU.ActiveCfg = Debug|Any CPU
		{74EA7633-E0AD-4E2D-86E4-E459CA57CC5B}.Debug|Any CPU.Build.0 = Debug|Any CPU
		{74EA7633-E0AD-4E2D-86E4-E459CA57CC5B}.Release|Any CPU.ActiveCfg = Release|Any CPU
		{74EA7633-E0AD-4E2D-86E4-E459CA57CC5B}.Release|Any CPU.Build.0 = Release|Any CPU
	EndGlobalSection
	GlobalSection(SolutionProperties) = preSolution
		HideSolutionNode = FALSE
	EndGlobalSection
	GlobalSection(ExtensibilityGlobals) = postSolution
		SolutionGuid = {AF7EC922-4882-45EC-9C75-9790E3C1435F}
	EndGlobalSection
EndGlobal
